<?xml version="1.0" encoding="utf-8"?>
<Project ToolsVersion="15.0" xmlns="http://schemas.microsoft.com/developer/msbuild/2003">
  <ItemGroup>
    <ClCompile Include="main.cpp" />
    <ClCompile Include="PointClound.cpp">
      <Filter>流线</Filter>
    </ClCompile>
    <ClCompile Include="streamLineFilter.cpp">
      <Filter>流线</Filter>
    </ClCompile>
    <ClCompile Include="Brasky.cpp">
      <Filter>裁剪算法</Filter>
    </ClCompile>
    <ClCompile Include="Cohen_Sutherland.cpp">
      <Filter>裁剪算法</Filter>
    </ClCompile>
    <ClCompile Include="NormalClip.cpp">
      <Filter>裁剪算法</Filter>
    </ClCompile>
    <ClCompile Include="MarchingCube.cpp">
      <Filter>流线</Filter>
    </ClCompile>
    <ClCompile Include="..\math_Lib\Matrix.cpp">
      <Filter>数学库</Filter>
    </ClCompile>
    <ClCompile Include="glew.c">
      <Filter>opengl相关库</Filter>
    </ClCompile>
    <ClCompile Include="stb_image.cpp">
      <Filter>opengl相关库</Filter>
    </ClCompile>
    <ClCompile Include="Mesh.cpp">
      <Filter>流线</Filter>
    </ClCompile>
    <ClCompile Include="Scene.cpp" />
    <ClCompile Include="Object.cpp">
      <Filter>框架</Filter>
    </ClCompile>
    <ClCompile Include="Component.cpp">
      <Filter>框架</Filter>
    </ClCompile>
    <ClCompile Include="GameObject.cpp">
      <Filter>框架</Filter>
    </ClCompile>
    <ClCompile Include="ComponentCollection.cpp">
      <Filter>框架</Filter>
    </ClCompile>
    <ClCompile Include="Translate.cpp">
      <Filter>框架</Filter>
    </ClCompile>
    <ClCompile Include="Camera2.cpp">
      <Filter>框架</Filter>
    </ClCompile>
  </ItemGroup>
  <ItemGroup>
    <ClInclude Include="glew\wglew.h" />
    <ClInclude Include="IRender.h" />
    <ClInclude Include="PointClound.h">
      <Filter>流线</Filter>
    </ClInclude>
    <ClInclude Include="streamLineFilter.h">
      <Filter>流线</Filter>
    </ClInclude>
    <ClInclude Include="GlobalDefine.h">
      <Filter>流线</Filter>
    </ClInclude>
    <ClInclude Include="Brasky.h">
      <Filter>裁剪算法</Filter>
    </ClInclude>
    <ClInclude Include="Cohen_Sutherland.h">
      <Filter>裁剪算法</Filter>
    </ClInclude>
    <ClInclude Include="NormalClip.h">
      <Filter>裁剪算法</Filter>
    </ClInclude>
    <ClInclude Include="MarchingCube.h">
      <Filter>流线</Filter>
    </ClInclude>
    <ClInclude Include="..\math_Lib\Matrix.h">
      <Filter>数学库</Filter>
    </ClInclude>
    <ClInclude Include="glew\eglew.h">
      <Filter>opengl相关库</Filter>
    </ClInclude>
    <ClInclude Include="glew\glew.h">
      <Filter>opengl相关库</Filter>
    </ClInclude>
    <ClInclude Include="glew\glxew.h">
      <Filter>opengl相关库</Filter>
    </ClInclude>
    <ClInclude Include="stb_image.h">
      <Filter>opengl相关库</Filter>
    </ClInclude>
    <ClInclude Include="Mesh.h">
      <Filter>流线</Filter>
    </ClInclude>
    <ClInclude Include="Scene.h" />
    <ClInclude Include="Object.h">
      <Filter>框架</Filter>
    </ClInclude>
    <ClInclude Include="Component.h">
      <Filter>框架</Filter>
    </ClInclude>
    <ClInclude Include="GameObject.h">
      <Filter>框架</Filter>
    </ClInclude>
    <ClInclude Include="Translate.h">
      <Filter>框架</Filter>
    </ClInclude>
    <ClInclude Include="ComponentCollection.h">
      <Filter>框架</Filter>
    </ClInclude>
    <ClInclude Include="Singler.h">
      <Filter>框架</Filter>
    </ClInclude>
    <ClInclude Include="Camera2.h">
      <Filter>框架</Filter>
    </ClInclude>
    <ClInclude Include="resource.h" />
  </ItemGroup>
  <ItemGroup>
    <Filter Include="流线">
      <UniqueIdentifier>{4bba565e-9beb-48a8-a0b7-62aca83b5bcf}</UniqueIdentifier>
    </Filter>
    <Filter Include="裁剪算法">
      <UniqueIdentifier>{b6ab89f4-21e2-40c7-becd-4a6100e3d209}</UniqueIdentifier>
    </Filter>
    <Filter Include="数学库">
      <UniqueIdentifier>{6d06665d-17bd-4255-95f1-f5cb900b2fec}</UniqueIdentifier>
    </Filter>
    <Filter Include="opengl相关库">
      <UniqueIdentifier>{5eff4da0-2239-4637-8040-2eb512200a73}</UniqueIdentifier>
    </Filter>
    <Filter Include="框架">
      <UniqueIdentifier>{08540c3b-c3ff-4fed-8d53-c32fdafbdd16}</UniqueIdentifier>
    </Filter>
  </ItemGroup>
  <ItemGroup>
    <ResourceCompile Include="OpenGL_流线显示.rc" />
  </ItemGroup>
</Project>